// !$*UTF8*$!
{
	archiveVersion = 1;
	classes = {
	};
	objectVersion = 50;
	objects = {

/* Begin PBXBuildFile section */
		F153EA57267DD30D007B18A8 /* AppDelegate.swift in Sources */ = {isa = PBXBuildFile; fileRef = F153EA56267DD30D007B18A8 /* AppDelegate.swift */; };
		F153EA59267DD30D007B18A8 /* SceneDelegate.swift in Sources */ = {isa = PBXBuildFile; fileRef = F153EA58267DD30D007B18A8 /* SceneDelegate.swift */; };
		F153EA5B267DD30D007B18A8 /* ViewController.swift in Sources */ = {isa = PBXBuildFile; fileRef = F153EA5A267DD30D007B18A8 /* ViewController.swift */; };
		F153EA5E267DD30D007B18A8 /* Main.storyboard in Resources */ = {isa = PBXBuildFile; fileRef = F153EA5C267DD30D007B18A8 /* Main.storyboard */; };
		F153EA60267DD30F007B18A8 /* Assets.xcassets in Resources */ = {isa = PBXBuildFile; fileRef = F153EA5F267DD30F007B18A8 /* Assets.xcassets */; };
		F153EA63267DD30F007B18A8 /* LaunchScreen.storyboard in Resources */ = {isa = PBXBuildFile; fileRef = F153EA61267DD30F007B18A8 /* LaunchScreen.storyboard */; };
		F153EA6E267DD310007B18A8 /* cap3Tests.swift in Sources */ = {isa = PBXBuildFile; fileRef = F153EA6D267DD310007B18A8 /* cap3Tests.swift */; };
		F153EA79267DD310007B18A8 /* cap3UITests.swift in Sources */ = {isa = PBXBuildFile; fileRef = F153EA78267DD310007B18A8 /* cap3UITests.swift */; };
		F153EA92267DD392007B18A8 /* pic2.jpg in Resources */ = {isa = PBXBuildFile; fileRef = F153EA89267DD391007B18A8 /* pic2.jpg */; };
		F153EA93267DD392007B18A8 /* button.png in Resources */ = {isa = PBXBuildFile; fileRef = F153EA8A267DD391007B18A8 /* button.png */; };
		F153EA94267DD392007B18A8 /* bg1.png in Resources */ = {isa = PBXBuildFile; fileRef = F153EA8B267DD392007B18A8 /* bg1.png */; };
		F153EA95267DD392007B18A8 /* h.png in Resources */ = {isa = PBXBuildFile; fileRef = F153EA8C267DD392007B18A8 /* h.png */; };
		F153EA96267DD392007B18A8 /* pic5.png in Resources */ = {isa = PBXBuildFile; fileRef = F153EA8D267DD392007B18A8 /* pic5.png */; };
		F153EA97267DD392007B18A8 /* dgf.png in Resources */ = {isa = PBXBuildFile; fileRef = F153EA8E267DD392007B18A8 /* dgf.png */; };
		F153EA98267DD392007B18A8 /* pic4.jpg in Resources */ = {isa = PBXBuildFile; fileRef = F153EA8F267DD392007B18A8 /* pic4.jpg */; };
		F153EA99267DD392007B18A8 /* pic3.png in Resources */ = {isa = PBXBuildFile; fileRef = F153EA90267DD392007B18A8 /* pic3.png */; };
		F153EA9A267DD392007B18A8 /* pic1.png in Resources */ = {isa = PBXBuildFile; fileRef = F153EA91267DD392007B18A8 /* pic1.png */; };
		F153EB62267E1413007B18A8 /* ViewController2.swift in Sources */ = {isa = PBXBuildFile; fileRef = F153EB61267E1413007B18A8 /* ViewController2.swift */; };
		F153EBC0267E9919007B18A8 /* 2.PNG in Resources */ = {isa = PBXBuildFile; fileRef = F153EBBD267E9918007B18A8 /* 2.PNG */; };
		F153EBC1267E9919007B18A8 /* 4.PNG in Resources */ = {isa = PBXBuildFile; fileRef = F153EBBE267E9919007B18A8 /* 4.PNG */; };
		F153EBC2267E9919007B18A8 /* 3.PNG in Resources */ = {isa = PBXBuildFile; fileRef = F153EBBF267E9919007B18A8 /* 3.PNG */; };
		F153EBC7267E9AD2007B18A8 /* 5.gif in Resources */ = {isa = PBXBuildFile; fileRef = F153EBC6267E9AD2007B18A8 /* 5.gif */; };
		F153EBCC267E9BD1007B18A8 /* 5.PNG in Resources */ = {isa = PBXBuildFile; fileRef = F153EBCB267E9BD1007B18A8 /* 5.PNG */; };
/* End PBXBuildFile section */

/* Begin PBXContainerItemProxy section */
		F153EA6A267DD310007B18A8 /* PBXContainerItemProxy */ = {
			isa = PBXContainerItemProxy;
			containerPortal = F153EA4B267DD30D007B18A8 /* Project object */;
			proxyType = 1;
			remoteGlobalIDString = F153EA52267DD30D007B18A8;
			remoteInfo = cap3;
		};
		F153EA75267DD310007B18A8 /* PBXContainerItemProxy */ = {
			isa = PBXContainerItemProxy;
			containerPortal = F153EA4B267DD30D007B18A8 /* Project object */;
			proxyType = 1;
			remoteGlobalIDString = F153EA52267DD30D007B18A8;
			remoteInfo = cap3;
		};
/* End PBXContainerItemProxy section */

/* Begin PBXFileReference section */
		F153EA53267DD30D007B18A8 /* cap3.app */ = {isa = PBXFileReference; explicitFileType = wrapper.application; includeInIndex = 0; path = cap3.app; sourceTree = BUILT_PRODUCTS_DIR; };
		F153EA56267DD30D007B18A8 /* AppDelegate.swift */ = {isa = PBXFileReference; lastKnownFileType = sourcecode.swift; path = AppDelegate.swift; sourceTree = "<group>"; };
		F153EA58267DD30D007B18A8 /* SceneDelegate.swift */ = {isa = PBXFileReference; lastKnownFileType = sourcecode.swift; path = SceneDelegate.swift; sourceTree = "<group>"; };
		F153EA5A267DD30D007B18A8 /* ViewController.swift */ = {isa = PBXFileReference; lastKnownFileType = sourcecode.swift; path = ViewController.swift; sourceTree = "<group>"; };
		F153EA5D267DD30D007B18A8 /* Base */ = {isa = PBXFileReference; lastKnownFileType = file.storyboard; name = Base; path = Base.lproj/Main.storyboard; sourceTree = "<group>"; };
		F153EA5F267DD30F007B18A8 /* Assets.xcassets */ = {isa = PBXFileReference; lastKnownFileType = folder.assetcatalog; path = Assets.xcassets; sourceTree = "<group>"; };
		F153EA62267DD30F007B18A8 /* Base */ = {isa = PBXFileReference; lastKnownFileType = file.storyboard; name = Base; path = Base.lproj/LaunchScreen.storyboard; sourceTree = "<group>"; };
		F153EA64267DD30F007B18A8 /* Info.plist */ = {isa = PBXFileReference; lastKnownFileType = text.plist.xml; path = Info.plist; sourceTree = "<group>"; };
		F153EA69267DD310007B18A8 /* cap3Tests.xctest */ = {isa = PBXFileReference; explicitFileType = wrapper.cfbundle; includeInIndex = 0; path = cap3Tests.xctest; sourceTree = BUILT_PRODUCTS_DIR; };
		F153EA6D267DD310007B18A8 /* cap3Tests.swift */ = {isa = PBXFileReference; lastKnownFileType = sourcecode.swift; path = cap3Tests.swift; sourceTree = "<group>"; };
		F153EA6F267DD310007B18A8 /* Info.plist */ = {isa = PBXFileReference; lastKnownFileType = text.plist.xml; path = Info.plist; sourceTree = "<group>"; };
		F153EA74267DD310007B18A8 /* cap3UITests.xctest */ = {isa = PBXFileReference; explicitFileType = wrapper.cfbundle; includeInIndex = 0; path = cap3UITests.xctest; sourceTree = BUILT_PRODUCTS_DIR; };
		F153EA78267DD310007B18A8 /* cap3UITests.swift */ = {isa = PBXFileReference; lastKnownFileType = sourcecode.swift; path = cap3UITests.swift; sourceTree = "<group>"; };
		F153EA7A267DD310007B18A8 /* Info.plist */ = {isa = PBXFileReference; lastKnownFileType = text.plist.xml; path = Info.plist; sourceTree = "<group>"; };
		F153EA89267DD391007B18A8 /* pic2.jpg */ = {isa = PBXFileReference; lastKnownFileType = image.jpeg; path = pic2.jpg; sourceTree = "<group>"; };
		F153EA8A267DD391007B18A8 /* button.png */ = {isa = PBXFileReference; lastKnownFileType = image.png; path = button.png; sourceTree = "<group>"; };
		F153EA8B267DD392007B18A8 /* bg1.png */ = {isa = PBXFileReference; lastKnownFileType = image.png; path = bg1.png; sourceTree = "<group>"; };
		F153EA8C267DD392007B18A8 /* h.png */ = {isa = PBXFileReference; lastKnownFileType = image.png; path = h.png; sourceTree = "<group>"; };
		F153EA8D267DD392007B18A8 /* pic5.png */ = {isa = PBXFileReference; lastKnownFileType = image.png; path = pic5.png; sourceTree = "<group>"; };
		F153EA8E267DD392007B18A8 /* dgf.png */ = {isa = PBXFileReference; lastKnownFileType = image.png; path = dgf.png; sourceTree = "<group>"; };
		F153EA8F267DD392007B18A8 /* pic4.jpg */ = {isa = PBXFileReference; lastKnownFileType = image.jpeg; path = pic4.jpg; sourceTree = "<group>"; };
		F153EA90267DD392007B18A8 /* pic3.png */ = {isa = PBXFileReference; lastKnownFileType = image.png; path = pic3.png; sourceTree = "<group>"; };
		F153EA91267DD392007B18A8 /* pic1.png */ = {isa = PBXFileReference; lastKnownFileType = image.png; path = pic1.png; sourceTree = "<group>"; };
		F153EB61267E1413007B18A8 /* ViewController2.swift */ = {isa = PBXFileReference; lastKnownFileType = sourcecode.swift; path = ViewController2.swift; sourceTree = "<group>"; };
		F153EBBD267E9918007B18A8 /* 2.PNG */ = {isa = PBXFileReference; lastKnownFileType = image.png; path = 2.PNG; sourceTree = "<group>"; };
		F153EBBE267E9919007B18A8 /* 4.PNG */ = {isa = PBXFileReference; lastKnownFileType = image.png; path = 4.PNG; sourceTree = "<group>"; };
		F153EBBF267E9919007B18A8 /* 3.PNG */ = {isa = PBXFileReference; lastKnownFileType = image.png; path = 3.PNG; sourceTree = "<group>"; };
		F153EBC6267E9AD2007B18A8 /* 5.gif */ = {isa = PBXFileReference; lastKnownFileType = image.gif; path = 5.gif; sourceTree = "<group>"; };
		F153EBCB267E9BD1007B18A8 /* 5.PNG */ = {isa = PBXFileReference; lastKnownFileType = image.png; path = 5.PNG; sourceTree = "<group>"; };
/* End PBXFileReference section */

/* Begin PBXFrameworksBuildPhase section */
		F153EA50267DD30D007B18A8 /* Frameworks */ = {
			isa = PBXFrameworksBuildPhase;
			buildActionMask = 2147483647;
			files = (
			);
			runOnlyForDeploymentPostprocessing = 0;
		};
		F153EA66267DD310007B18A8 /* Frameworks */ = {
			isa = PBXFrameworksBuildPhase;
			buildActionMask = 2147483647;
			files = (
			);
			runOnlyForDeploymentPostprocessing = 0;
		};
		F153EA71267DD310007B18A8 /* Frameworks */ = {
			isa = PBXFrameworksBuildPhase;
			buildActionMask = 2147483647;
			files = (
			);
			runOnlyForDeploymentPostprocessing = 0;
		};
/* End PBXFrameworksBuildPhase section */

/* Begin PBXGroup section */
		F153EA4A267DD30D007B18A8 = {
			isa = PBXGroup;
			children = (
				F153EA55267DD30D007B18A8 /* cap3 */,
				F153EA6C267DD310007B18A8 /* cap3Tests */,
				F153EA77267DD310007B18A8 /* cap3UITests */,
				F153EA54267DD30D007B18A8 /* Products */,
			);
			sourceTree = "<group>";
		};
		F153EA54267DD30D007B18A8 /* Products */ = {
			isa = PBXGroup;
			children = (
				F153EA53267DD30D007B18A8 /* cap3.app */,
				F153EA69267DD310007B18A8 /* cap3Tests.xctest */,
				F153EA74267DD310007B18A8 /* cap3UITests.xctest */,
			);
			name = Products;
			sourceTree = "<group>";
		};
		F153EA55267DD30D007B18A8 /* cap3 */ = {
			isa = PBXGroup;
			children = (
				F153EA56267DD30D007B18A8 /* AppDelegate.swift */,
				F153EA58267DD30D007B18A8 /* SceneDelegate.swift */,
				F153EA5A267DD30D007B18A8 /* ViewController.swift */,
				F153EA5C267DD30D007B18A8 /* Main.storyboard */,
				F153EA5F267DD30F007B18A8 /* Assets.xcassets */,
				F153EA8A267DD391007B18A8 /* button.png */,
				F153EA8B267DD392007B18A8 /* bg1.png */,
				F153EA8E267DD392007B18A8 /* dgf.png */,
				F153EA8C267DD392007B18A8 /* h.png */,
				F153EBBD267E9918007B18A8 /* 2.PNG */,
				F153EBBF267E9919007B18A8 /* 3.PNG */,
				F153EBBE267E9919007B18A8 /* 4.PNG */,
				F153EA91267DD392007B18A8 /* pic1.png */,
				F153EBC6267E9AD2007B18A8 /* 5.gif */,
				F153EBCB267E9BD1007B18A8 /* 5.PNG */,
				F153EA89267DD391007B18A8 /* pic2.jpg */,
				F153EA90267DD392007B18A8 /* pic3.png */,
				F153EA8F267DD392007B18A8 /* pic4.jpg */,
				F153EA8D267DD392007B18A8 /* pic5.png */,
				F153EA61267DD30F007B18A8 /* LaunchScreen.storyboard */,
				F153EA64267DD30F007B18A8 /* Info.plist */,
				F153EB61267E1413007B18A8 /* ViewController2.swift */,
			);
			path = cap3;
			sourceTree = "<group>";
		};
		F153EA6C267DD310007B18A8 /* cap3Tests */ = {
			isa = PBXGroup;
			children = (
				F153EA6D267DD310007B18A8 /* cap3Tests.swift */,
				F153EA6F267DD310007B18A8 /* Info.plist */,
			);
			path = cap3Tests;
			sourceTree = "<group>";
		};
		F153EA77267DD310007B18A8 /* cap3UITests */ = {
			isa = PBXGroup;
			children = (
				F153EA78267DD310007B18A8 /* cap3UITests.swift */,
				F153EA7A267DD310007B18A8 /* Info.plist */,
			);
			path = cap3UITests;
			sourceTree = "<group>";
		};
/* End PBXGroup section */

/* Begin PBXNativeTarget section */
		F153EA52267DD30D007B18A8 /* cap3 */ = {
			isa = PBXNativeTarget;
			buildConfigurationList = F153EA7D267DD310007B18A8 /* Build configuration list for PBXNativeTarget "cap3" */;
			buildPhases = (
				F153EA4F267DD30D007B18A8 /* Sources */,
				F153EA50267DD30D007B18A8 /* Frameworks */,
				F153EA51267DD30D007B18A8 /* Resources */,
			);
			buildRules = (
			);
			dependencies = (
			);
			name = cap3;
			productName = cap3;
			productReference = F153EA53267DD30D007B18A8 /* cap3.app */;
			productType = "com.apple.product-type.application";
		};
		F153EA68267DD310007B18A8 /* cap3Tests */ = {
			isa = PBXNativeTarget;
			buildConfigurationList = F153EA80267DD310007B18A8 /* Build configuration list for PBXNativeTarget "cap3Tests" */;
			buildPhases = (
				F153EA65267DD310007B18A8 /* Sources */,
				F153EA66267DD310007B18A8 /* Frameworks */,
				F153EA67267DD310007B18A8 /* Resources */,
			);
			buildRules = (
			);
			dependencies = (
				F153EA6B267DD310007B18A8 /* PBXTargetDependency */,
			);
			name = cap3Tests;
			productName = cap3Tests;
			productReference = F153EA69267DD310007B18A8 /* cap3Tests.xctest */;
			productType = "com.apple.product-type.bundle.unit-test";
		};
		F153EA73267DD310007B18A8 /* cap3UITests */ = {
			isa = PBXNativeTarget;
			buildConfigurationList = F153EA83267DD310007B18A8 /* Build configuration list for PBXNativeTarget "cap3UITests" */;
			buildPhases = (
				F153EA70267DD310007B18A8 /* Sources */,
				F153EA71267DD310007B18A8 /* Frameworks */,
				F153EA72267DD310007B18A8 /* Resources */,
			);
			buildRules = (
			);
			dependencies = (
				F153EA76267DD310007B18A8 /* PBXTargetDependency */,
			);
			name = cap3UITests;
			productName = cap3UITests;
			productReference = F153EA74267DD310007B18A8 /* cap3UITests.xctest */;
			productType = "com.apple.product-type.bundle.ui-testing";
		};
/* End PBXNativeTarget section */

/* Begin PBXProject section */
		F153EA4B267DD30D007B18A8 /* Project object */ = {
			isa = PBXProject;
			attributes = {
				LastSwiftUpdateCheck = 1240;
				LastUpgradeCheck = 1240;
				TargetAttributes = {
					F153EA52267DD30D007B18A8 = {
						CreatedOnToolsVersion = 12.4;
					};
					F153EA68267DD310007B18A8 = {
						CreatedOnToolsVersion = 12.4;
						TestTargetID = F153EA52267DD30D007B18A8;
					};
					F153EA73267DD310007B18A8 = {
						CreatedOnToolsVersion = 12.4;
						TestTargetID = F153EA52267DD30D007B18A8;
					};
				};
			};
			buildConfigurationList = F153EA4E267DD30D007B18A8 /* Build configuration list for PBXProject "cap3" */;
			compatibilityVersion = "Xcode 9.3";
			developmentRegion = en;
			hasScannedForEncodings = 0;
			knownRegions = (
				en,
				Base,
			);
			mainGroup = F153EA4A267DD30D007B18A8;
			productRefGroup = F153EA54267DD30D007B18A8 /* Products */;
			projectDirPath = "";
			projectRoot = "";
			targets = (
				F153EA52267DD30D007B18A8 /* cap3 */,
				F153EA68267DD310007B18A8 /* cap3Tests */,
				F153EA73267DD310007B18A8 /* cap3UITests */,
			);
		};
/* End PBXProject section */

/* Begin PBXResourcesBuildPhase section */
		F153EA51267DD30D007B18A8 /* Resources */ = {
			isa = PBXResourcesBuildPhase;
			buildActionMask = 2147483647;
			files = (
				F153EA94267DD392007B18A8 /* bg1.png in Resources */,
				F153EA98267DD392007B18A8 /* pic4.jpg in Resources */,
				F153EA63267DD30F007B18A8 /* LaunchScreen.storyboard in Resources */,
				F153EBC2267E9919007B18A8 /* 3.PNG in Resources */,
				F153EA93267DD392007B18A8 /* button.png in Resources */,
				F153EBC1267E9919007B18A8 /* 4.PNG in Resources */,
				F153EA95267DD392007B18A8 /* h.png in Resources */,
				F153EBC0267E9919007B18A8 /* 2.PNG in Resources */,
				F153EBCC267E9BD1007B18A8 /* 5.PNG in Resources */,
				F153EA96267DD392007B18A8 /* pic5.png in Resources */,
				F153EA92267DD392007B18A8 /* pic2.jpg in Resources */,
				F153EA99267DD392007B18A8 /* pic3.png in Resources */,
				F153EA9A267DD392007B18A8 /* pic1.png in Resources */,
				F153EA97267DD392007B18A8 /* dgf.png in Resources */,
				F153EA60267DD30F007B18A8 /* Assets.xcassets in Resources */,
				F153EBC7267E9AD2007B18A8 /* 5.gif in Resources */,
				F153EA5E267DD30D007B18A8 /* Main.storyboard in Resources */,
			);
			runOnlyForDeploymentPostprocessing = 0;
		};
		F153EA67267DD310007B18A8 /* Resources */ = {
			isa = PBXResourcesBuildPhase;
			buildActionMask = 2147483647;
			files = (
			);
			runOnlyForDeploymentPostprocessing = 0;
		};
		F153EA72267DD310007B18A8 /* Resources */ = {
			isa = PBXResourcesBuildPhase;
			buildActionMask = 2147483647;
			files = (
			);
			runOnlyForDeploymentPostprocessing = 0;
		};
/* End PBXResourcesBuildPhase section */

/* Begin PBXSourcesBuildPhase section */
		F153EA4F267DD30D007B18A8 /* Sources */ = {
			isa = PBXSourcesBuildPhase;
			buildActionMask = 2147483647;
			files = (
				F153EA5B267DD30D007B18A8 /* ViewController.swift in Sources */,
				F153EB62267E1413007B18A8 /* ViewController2.swift in Sources */,
				F153EA57267DD30D007B18A8 /* AppDelegate.swift in Sources */,
				F153EA59267DD30D007B18A8 /* SceneDelegate.swift in Sources */,
			);
			runOnlyForDeploymentPostprocessing = 0;
		};
		F153EA65267DD310007B18A8 /* Sources */ = {
			isa = PBXSourcesBuildPhase;
			buildActionMask = 2147483647;
			files = (
				F153EA6E267DD310007B18A8 /* cap3Tests.swift in Sources */,
			);
			runOnlyForDeploymentPostprocessing = 0;
		};
		F153EA70267DD310007B18A8 /* Sources */ = {
			isa = PBXSourcesBuildPhase;
			buildActionMask = 2147483647;
			files = (
				F153EA79267DD310007B18A8 /* cap3UITests.swift in Sources */,
			);
			runOnlyForDeploymentPostprocessing = 0;
		};
/* End PBXSourcesBuildPhase section */

/* Begin PBXTargetDependency section */
		F153EA6B267DD310007B18A8 /* PBXTargetDependency */ = {
			isa = PBXTargetDependency;
			target = F153EA52267DD30D007B18A8 /* cap3 */;
			targetProxy = F153EA6A267DD310007B18A8 /* PBXContainerItemProxy */;
		};
		F153EA76267DD310007B18A8 /* PBXTargetDependency */ = {
			isa = PBXTargetDependency;
			target = F153EA52267DD30D007B18A8 /* cap3 */;
			targetProxy = F153EA75267DD310007B18A8 /* PBXContainerItemProxy */;
		};
/* End PBXTargetDependency section */

/* Begin PBXVariantGroup section */
		F153EA5C267DD30D007B18A8 /* Main.storyboard */ = {
			isa = PBXVariantGroup;
			children = (
				F153EA5D267DD30D007B18A8 /* Base */,
			);
			name = Main.storyboard;
			sourceTree = "<group>";
		};
		F153EA61267DD30F007B18A8 /* LaunchScreen.storyboard */ = {
			isa = PBXVariantGroup;
			children = (
				F153EA62267DD30F007B18A8 /* Base */,
			);
			name = LaunchScreen.storyboard;
			sourceTree = "<group>";
		};
/* End PBXVariantGroup section */

/* Begin XCBuildConfiguration section */
		F153EA7B267DD310007B18A8 /* Debug */ = {
			isa = XCBuildConfiguration;
			buildSettings = {
				ALWAYS_SEARCH_USER_PATHS = NO;
				CLANG_ANALYZER_NONNULL = YES;
				CLANG_ANALYZER_NUMBER_OBJECT_CONVERSION = YES_AGGRESSIVE;
				CLANG_CXX_LANGUAGE_STANDARD = "gnu++14";
				CLANG_CXX_LIBRARY = "libc++";
				CLANG_ENABLE_MODULES = YES;
				CLANG_ENABLE_OBJC_ARC = YES;
				CLANG_ENABLE_OBJC_WEAK = YES;
				CLANG_WARN_BLOCK_CAPTURE_AUTORELEASING = YES;
				CLANG_WARN_BOOL_CONVERSION = YES;
				CLANG_WARN_COMMA = YES;
				CLANG_WARN_CONSTANT_CONVERSION = YES;
				CLANG_WARN_DEPRECATED_OBJC_IMPLEMENTATIONS = YES;
				CLANG_WARN_DIRECT_OBJC_ISA_USAGE = YES_ERROR;
				CLANG_WARN_DOCUMENTATION_COMMENTS = YES;
				CLANG_WARN_EMPTY_BODY = YES;
				CLANG_WARN_ENUM_CONVERSION = YES;
				CLANG_WARN_INFINITE_RECURSION = YES;
				CLANG_WARN_INT_CONVERSION = YES;
				CLANG_WARN_NON_LITERAL_NULL_CONVERSION = YES;
				CLANG_WARN_OBJC_IMPLICIT_RETAIN_SELF = YES;
				CLANG_WARN_OBJC_LITERAL_CONVERSION = YES;
				CLANG_WARN_OBJC_ROOT_CLASS = YES_ERROR;
				CLANG_WARN_QUOTED_INCLUDE_IN_FRAMEWORK_HEADER = YES;
				CLANG_WARN_RANGE_LOOP_ANALYSIS = YES;
				CLANG_WARN_STRICT_PROTOTYPES = YES;
				CLANG_WARN_SUSPICIOUS_MOVE = YES;
				CLANG_WARN_UNGUARDED_AVAILABILITY = YES_AGGRESSIVE;
				CLANG_WARN_UNREACHABLE_CODE = YES;
				CLANG_WARN__DUPLICATE_METHOD_MATCH = YES;
				COPY_PHASE_STRIP = NO;
				DEBUG_INFORMATION_FORMAT = dwarf;
				ENABLE_STRICT_OBJC_MSGSEND = YES;
				ENABLE_TESTABILITY = YES;
				GCC_C_LANGUAGE_STANDARD = gnu11;
				GCC_DYNAMIC_NO_PIC = NO;
				GCC_NO_COMMON_BLOCKS = YES;
				GCC_OPTIMIZATION_LEVEL = 0;
				GCC_PREPROCESSOR_DEFINITIONS = (
					"DEBUG=1",
					"$(inherited)",
				);
				GCC_WARN_64_TO_32_BIT_CONVERSION = YES;
				GCC_WARN_ABOUT_RETURN_TYPE = YES_ERROR;
				GCC_WARN_UNDECLARED_SELECTOR = YES;
				GCC_WARN_UNINITIALIZED_AUTOS = YES_AGGRESSIVE;
				GCC_WARN_UNUSED_FUNCTION = YES;
				GCC_WARN_UNUSED_VARIABLE = YES;
				IPHONEOS_DEPLOYMENT_TARGET = 14.4;
				MTL_ENABLE_DEBUG_INFO = INCLUDE_SOURCE;
				MTL_FAST_MATH = YES;
				ONLY_ACTIVE_ARCH = YES;
				SDKROOT = iphoneos;
				SWIFT_ACTIVE_COMPILATION_CONDITIONS = DEBUG;
				SWIFT_OPTIMIZATION_LEVEL = "-Onone";
			};
			name = Debug;
		};
		F153EA7C267DD310007B18A8 /* Release */ = {
			isa = XCBuildConfiguration;
			buildSettings = {
				ALWAYS_SEARCH_USER_PATHS = NO;
				CLANG_ANALYZER_NONNULL = YES;
				CLANG_ANALYZER_NUMBER_OBJECT_CONVERSION = YES_AGGRESSIVE;
				CLANG_CXX_LANGUAGE_STANDARD = "gnu++14";
				CLANG_CXX_LIBRARY = "libc++";
				CLANG_ENABLE_MODULES = YES;
				CLANG_ENABLE_OBJC_ARC = YES;
				CLANG_ENABLE_OBJC_WEAK = YES;
				CLANG_WARN_BLOCK_CAPTURE_AUTORELEASING = YES;
				CLANG_WARN_BOOL_CONVERSION = YES;
				CLANG_WARN_COMMA = YES;
				CLANG_WARN_CONSTANT_CONVERSION = YES;
				CLANG_WARN_DEPRECATED_OBJC_IMPLEMENTATIONS = YES;
				CLANG_WARN_DIRECT_OBJC_ISA_USAGE = YES_ERROR;
				CLANG_WARN_DOCUMENTATION_COMMENTS = YES;
				CLANG_WARN_EMPTY_BODY = YES;
				CLANG_WARN_ENUM_CONVERSION = YES;
				CLANG_WARN_INFINITE_RECURSION = YES;
				CLANG_WARN_INT_CONVERSION = YES;
				CLANG_WARN_NON_LITERAL_NULL_CONVERSION = YES;
				CLANG_WARN_OBJC_IMPLICIT_RETAIN_SELF = YES;
				CLANG_WARN_OBJC_LITERAL_CONVERSION = YES;
				CLANG_WARN_OBJC_ROOT_CLASS = YES_ERROR;
				CLANG_WARN_QUOTED_INCLUDE_IN_FRAMEWORK_HEADER = YES;
				CLANG_WARN_RANGE_LOOP_ANALYSIS = YES;
				CLANG_WARN_STRICT_PROTOTYPES = YES;
				CLANG_WARN_SUSPICIOUS_MOVE = YES;
				CLANG_WARN_UNGUARDED_AVAILABILITY = YES_AGGRESSIVE;
				CLANG_WARN_UNREACHABLE_CODE = YES;
				CLANG_WARN__DUPLICATE_METHOD_MATCH = YES;
				COPY_PHASE_STRIP = NO;
				DEBUG_INFORMATION_FORMAT = "dwarf-with-dsym";
				ENABLE_NS_ASSERTIONS = NO;
				ENABLE_STRICT_OBJC_MSGSEND = YES;
				GCC_C_LANGUAGE_STANDARD = gnu11;
				GCC_NO_COMMON_BLOCKS = YES;
				GCC_WARN_64_TO_32_BIT_CONVERSION = YES;
				GCC_WARN_ABOUT_RETURN_TYPE = YES_ERROR;
				GCC_WARN_UNDECLARED_SELECTOR = YES;
				GCC_WARN_UNINITIALIZED_AUTOS = YES_AGGRESSIVE;
				GCC_WARN_UNUSED_FUNCTION = YES;
				GCC_WARN_UNUSED_VARIABLE = YES;
				IPHONEOS_DEPLOYMENT_TARGET = 14.4;
				MTL_ENABLE_DEBUG_INFO = NO;
				MTL_FAST_MATH = YES;
				SDKROOT = iphoneos;
				SWIFT_COMPILATION_MODE = wholemodule;
				SWIFT_OPTIMIZATION_LEVEL = "-O";
				VALIDATE_PRODUCT = YES;
			};
			name = Release;
		};
		F153EA7E267DD310007B18A8 /* Debug */ = {
			isa = XCBuildConfiguration;
			buildSettings = {
				ASSETCATALOG_COMPILER_APPICON_NAME = AppIcon;
				ASSETCATALOG_COMPILER_GLOBAL_ACCENT_COLOR_NAME = AccentColor;
				CODE_SIGN_STYLE = Automatic;
				DEVELOPMENT_TEAM = 3Y3Z2Z567H;
				INFOPLIST_FILE = cap3/Info.plist;
				LD_RUNPATH_SEARCH_PATHS = (
					"$(inherited)",
					"@executable_path/Frameworks",
				);
				PRODUCT_BUNDLE_IDENTIFIER = com.gmail.pwypkt.20151248.cap3;
				PRODUCT_NAME = "$(TARGET_NAME)";
				SWIFT_VERSION = 5.0;
				TARGETED_DEVICE_FAMILY = "1,2";
			};
			name = Debug;
		};
		F153EA7F267DD310007B18A8 /* Release */ = {
			isa = XCBuildConfiguration;
			buildSettings = {
				ASSETCATALOG_COMPILER_APPICON_NAME = AppIcon;
				ASSETCATALOG_COMPILER_GLOBAL_ACCENT_COLOR_NAME = AccentColor;
				CODE_SIGN_STYLE = Automatic;
				DEVELOPMENT_TEAM = 3Y3Z2Z567H;
				INFOPLIST_FILE = cap3/Info.plist;
				LD_RUNPATH_SEARCH_PATHS = (
					"$(inherited)",
					"@executable_path/Frameworks",
				);
				PRODUCT_BUNDLE_IDENTIFIER = com.gmail.pwypkt.20151248.cap3;
				PRODUCT_NAME = "$(TARGET_NAME)";
				SWIFT_VERSION = 5.0;
				TARGETED_DEVICE_FAMILY = "1,2";
			};
			name = Release;
		};
		F153EA81267DD310007B18A8 /* Debug */ = {
			isa = XCBuildConfiguration;
			buildSettings = {
				ALWAYS_EMBED_SWIFT_STANDARD_LIBRARIES = YES;
				BUNDLE_LOADER = "$(TEST_HOST)";
				CODE_SIGN_STYLE = Automatic;
				DEVELOPMENT_TEAM = 3Y3Z2Z567H;
				INFOPLIST_FILE = cap3Tests/Info.plist;
				IPHONEOS_DEPLOYMENT_TARGET = 14.4;
				LD_RUNPATH_SEARCH_PATHS = (
					"$(inherited)",
					"@executable_path/Frameworks",
					"@loader_path/Frameworks",
				);
				PRODUCT_BUNDLE_IDENTIFIER = com.gmail.pwypkt.20151248.cap3Tests;
				PRODUCT_NAME = "$(TARGET_NAME)";
				SWIFT_VERSION = 5.0;
				TARGETED_DEVICE_FAMILY = "1,2";
				TEST_HOST = "$(BUILT_PRODUCTS_DIR)/cap3.app/cap3";
			};
			name = Debug;
		};
		F153EA82267DD310007B18A8 /* Release */ = {
			isa = XCBuildConfiguration;
			buildSettings = {
				ALWAYS_EMBED_SWIFT_STANDARD_LIBRARIES = YES;
				BUNDLE_LOADER = "$(TEST_HOST)";
				CODE_SIGN_STYLE = Automatic;
				DEVELOPMENT_TEAM = 3Y3Z2Z567H;
				INFOPLIST_FILE = cap3Tests/Info.plist;
				IPHONEOS_DEPLOYMENT_TARGET = 14.4;
				LD_RUNPATH_SEARCH_PATHS = (
					"$(inherited)",
					"@executable_path/Frameworks",
					"@loader_path/Frameworks",
				);
				PRODUCT_BUNDLE_IDENTIFIER = com.gmail.pwypkt.20151248.cap3Tests;
				PRODUCT_NAME = "$(TARGET_NAME)";
				SWIFT_VERSION = 5.0;
				TARGETED_DEVICE_FAMILY = "1,2";
				TEST_HOST = "$(BUILT_PRODUCTS_DIR)/cap3.app/cap3";
			};
			name = Release;
		};
		F153EA84267DD310007B18A8 /* Debug */ = {
			isa = XCBuildConfiguration;
			buildSettings = {
				ALWAYS_EMBED_SWIFT_STANDARD_LIBRARIES = YES;
				CODE_SIGN_STYLE = Automatic;
				DEVELOPMENT_TEAM = 3Y3Z2Z567H;
				INFOPLIST_FILE = cap3UITests/Info.plist;
				LD_RUNPATH_SEARCH_PATHS = (
					"$(inherited)",
					"@executable_path/Frameworks",
					"@loader_path/Frameworks",
				);
				PRODUCT_BUNDLE_IDENTIFIER = com.gmail.pwypkt.20151248.cap3UITests;
				PRODUCT_NAME = "$(TARGET_NAME)";
				SWIFT_VERSION = 5.0;
				TARGETED_DEVICE_FAMILY = "1,2";
				TEST_TARGET_NAME = cap3;
			};
			name = Debug;
		};
		F153EA85267DD310007B18A8 /* Release */ = {
			isa = XCBuildConfiguration;
			buildSettings = {
				ALWAYS_EMBED_SWIFT_STANDARD_LIBRARIES = YES;
				CODE_SIGN_STYLE = Automatic;
				DEVELOPMENT_TEAM = 3Y3Z2Z567H;
				INFOPLIST_FILE = cap3UITests/Info.plist;
				LD_RUNPATH_SEARCH_PATHS = (
					"$(inherited)",
					"@executable_path/Frameworks",
					"@loader_path/Frameworks",
				);
				PRODUCT_BUNDLE_IDENTIFIER = com.gmail.pwypkt.20151248.cap3UITests;
				PRODUCT_NAME = "$(TARGET_NAME)";
				SWIFT_VERSION = 5.0;
				TARGETED_DEVICE_FAMILY = "1,2";
				TEST_TARGET_NAME = cap3;
			};
			name = Release;
		};
/* End XCBuildConfiguration section */

/* Begin XCConfigurationList section */
		F153EA4E267DD30D007B18A8 /* Build configuration list for PBXProject "cap3" */ = {
			isa = XCConfigurationList;
			buildConfigurations = (
				F153EA7B267DD310007B18A8 /* Debug */,
				F153EA7C267DD310007B18A8 /* Release */,
			);
			defaultConfigurationIsVisible = 0;
			defaultConfigurationName = Release;
		};
		F153EA7D267DD310007B18A8 /* Build configuration list for PBXNativeTarget "cap3" */ = {
			isa = XCConfigurationList;
			buildConfigurations = (
				F153EA7E267DD310007B18A8 /* Debug */,
				F153EA7F267DD310007B18A8 /* Release */,
			);
			defaultConfigurationIsVisible = 0;
			defaultConfigurationName = Release;
		};
		F153EA80267DD310007B18A8 /* Build configuration list for PBXNativeTarget "cap3Tests" */ = {
			isa = XCConfigurationList;
			buildConfigurations = (
				F153EA81267DD310007B18A8 /* Debug */,
				F153EA82267DD310007B18A8 /* Release */,
			);
			defaultConfigurationIsVisible = 0;
			defaultConfigurationName = Release;
		};
		F153EA83267DD310007B18A8 /* Build configuration list for PBXNativeTarget "cap3UITests" */ = {
			isa = XCConfigurationList;
			buildConfigurations = (
				F153EA84267DD310007B18A8 /* Debug */,
				F153EA85267DD310007B18A8 /* Release */,
			);
			defaultConfigurationIsVisible = 0;
			defaultConfigurationName = Release;
		};
/* End XCConfigurationList section */
	};
	rootObject = F153EA4B267DD30D007B18A8 /* Project object */;
}
